
Microsoft Visual Studio Solution File, Format Version 12.00
# Visual Studio Version 17
VisualStudioVersion = 17.4.33213.308
MinimumVisualStudioVersion = 10.0.40219.1
Project("{FAE04EC0-301F-11D3-BF4B-00C04F79EFBC}") = "WindowsFormsApp5", "WindowsFormsApp5\WindowsFormsApp5.csproj", "{52F96A52-7AC0-46F2-83FB-CF59D814FA4F}"
EndProject
Global
	GlobalSection(SolutionConfigurationPlatforms) = preSolution
		Debug|Any CPU = Debug|Any CPU
		Release|Any CPU = Release|Any CPU
	EndGlobalSection
	GlobalSection(ProjectConfigurationPlatforms) = postSolution
		{52F96A52-7AC0-46F2-83FB-CF59D814FA4F}.Debug|Any CPU.ActiveCfg = Debug|Any CPU
		{52F96A52-7AC0-46F2-83FB-CF59D814FA4F}.Debug|Any CPU.Build.0 = Debug|Any CPU
		{52F96A52-7AC0-46F2-83FB-CF59D814FA4F}.Release|Any CPU.ActiveCfg = Release|Any CPU
		{52F96A52-7AC0-46F2-83FB-CF59D814FA4F}.Release|Any CPU.Build.0 = Release|Any CPU
	EndGlobalSection
	GlobalSection(SolutionProperties) = preSolution
		HideSolutionNode = FALSE
	EndGlobalSection
	GlobalSection(ExtensibilityGlobals) = postSolution
		SolutionGuid = {199B2C88-DA82-4253-BC2D-72E0DB9CC2CD}
	EndGlobalSection
EndGlobal
